
Microsoft Visual Studio Solution File, Format Version 12.00
# Visual Studio Version 17
VisualStudioVersion = 17.8.34525.116
MinimumVisualStudioVersion = 10.0.40219.1
Project("{FAE04EC0-301F-11D3-BF4B-00C04F79EFBC}") = "Simple To-Do-List", "Simple To-Do-List.csproj", "{CD162CBA-FAC5-488F-8615-0A4A20F11CD3}"
EndProject
Global
	GlobalSection(SolutionConfigurationPlatforms) = preSolution
		Debug|Any CPU = Debug|Any CPU
		Release|Any CPU = Release|Any CPU
	EndGlobalSection
	GlobalSection(ProjectConfigurationPlatforms) = postSolution
		{CD162CBA-FAC5-488F-8615-0A4A20F11CD3}.Debug|Any CPU.ActiveCfg = Debug|Any CPU
		{CD162CBA-FAC5-488F-8615-0A4A20F11CD3}.Debug|Any CPU.Build.0 = Debug|Any CPU
		{CD162CBA-FAC5-488F-8615-0A4A20F11CD3}.Release|Any CPU.ActiveCfg = Release|Any CPU
		{CD162CBA-FAC5-488F-8615-0A4A20F11CD3}.Release|Any CPU.Build.0 = Release|Any CPU
	EndGlobalSection
	GlobalSection(SolutionProperties) = preSolution
		HideSolutionNode = FALSE
	EndGlobalSection
	GlobalSection(ExtensibilityGlobals) = postSolution
		SolutionGuid = {6A1224E5-A192-4728-97C1-D22EBBB6D06A}
	EndGlobalSection
EndGlobal
